github.com/hpcloud/tail v1.0.0 h1:nfCOvKYfkgYP8hkirhJocXT2+zOD8yUNjXaWfTlyFKI=
github.com/hpcloud/tail v1.0.0/go.mod h1:ab1qPbhIpdTxEkNHXyeSf5vhxWSCs/tWer42PpOxQnU=
golang.org/x/sys v0.0.0-20210611083646-a4fc73990273 h1:faDu4veV+8pcThn4fewv6TVlNCezafGoC1gM/mxQLbQ=
golang.org/x/sys v0.0.0-20210611083646-a4fc73990273/go.mod h1:oPkhp1MJrh7nUepCBck5+mAzfO9JrbApNNgaTdGDITg=
gopkg.in/fsnotify.v1 v1.2.1 h1:x2hwAFVlj5ptNfCIgr3KRZm9IQcKDCWJbQDO7QxUXOo=
gopkg.in/fsnotify.v1 v1.2.1/go.mod h1:Tz8NjZHkW78fSQdbUxIjBTcgA1z1m8ZHf0WmKUhAMys=
gopkg.in/fsnotify/fsnotify.v1 v1.4.7 h1:XNNYLJHt73EyYiCZi6+xjupS9CpvmiDgjPTAjrBlQbo=
gopkg.in/fsnotify/fsnotify.v1 v1.4.7/go.mod h1:Fyux9zXlo4rWoMSIzpn9fDAYjalPqJ/K1qJ27s+7ltE=
gopkg.in/tomb.v1 v1.0.0-20140529071818-c131134a1947 h1:aNEcl02ps/eZaBJi2LycKl0jPsUryySSSgrCxieZRYA=
gopkg.in/tomb.v1 v1.0.0-20140529071818-c131134a1947/go.mod h1:dt/ZhP58zS4L8KSrWDmTeBkI65Dw0HsyUHuEVlX15mw=
